
Microsoft Visual Studio Solution File, Format Version 12.00
# Visual Studio Version 17
VisualStudioVersion = 17.4.32804.182
MinimumVisualStudioVersion = 10.0.40219.1
Project("{9A19103F-16F7-4668-BE54-9A1E7A4F7556}") = "OOSE.CleanCode.CSharp.VideoStore", "OOSE.CleanCode.CSharp.VideoStore\OOSE.CleanCode.CSharp.VideoStore.csproj", "{F029D53A-E123-4321-886E-FE4E1DAD12B6}"
EndProject
Project("{9A19103F-16F7-4668-BE54-9A1E7A4F7556}") = "OOSE.CleanCode.CSharp.VideoStore.Tests", "OOSE.CleanCode.CSharp.VideoStore.Tests\OOSE.CleanCode.CSharp.VideoStore.Tests.csproj", "{BC75AA0E-3214-4AA1-B97D-C09410C003D8}"
EndProject
Global
	GlobalSection(SolutionConfigurationPlatforms) = preSolution
		Debug|Any CPU = Debug|Any CPU
		Release|Any CPU = Release|Any CPU
	EndGlobalSection
	GlobalSection(ProjectConfigurationPlatforms) = postSolution
		{F029D53A-E123-4321-886E-FE4E1DAD12B6}.Debug|Any CPU.ActiveCfg = Debug|Any CPU
		{F029D53A-E123-4321-886E-FE4E1DAD12B6}.Debug|Any CPU.Build.0 = Debug|Any CPU
		{F029D53A-E123-4321-886E-FE4E1DAD12B6}.Release|Any CPU.ActiveCfg = Release|Any CPU
		{F029D53A-E123-4321-886E-FE4E1DAD12B6}.Release|Any CPU.Build.0 = Release|Any CPU
		{BC75AA0E-3214-4AA1-B97D-C09410C003D8}.Debug|Any CPU.ActiveCfg = Debug|Any CPU
		{BC75AA0E-3214-4AA1-B97D-C09410C003D8}.Debug|Any CPU.Build.0 = Debug|Any CPU
		{BC75AA0E-3214-4AA1-B97D-C09410C003D8}.Release|Any CPU.ActiveCfg = Release|Any CPU
		{BC75AA0E-3214-4AA1-B97D-C09410C003D8}.Release|Any CPU.Build.0 = Release|Any CPU
	EndGlobalSection
	GlobalSection(SolutionProperties) = preSolution
		HideSolutionNode = FALSE
	EndGlobalSection
	GlobalSection(ExtensibilityGlobals) = postSolution
		SolutionGuid = {5E62C86B-6E65-4643-B37D-5A9D65556D30}
	EndGlobalSection
EndGlobal
